
Microsoft Visual Studio Solution File, Format Version 12.00
# Visual Studio Version 17
VisualStudioVersion = 17.0.32126.317
MinimumVisualStudioVersion = 10.0.40219.1
Project("{FAE04EC0-301F-11D3-BF4B-00C04F79EFBC}") = "ProductsAPI", "ProductsAPI\ProductsAPI.csproj", "{7B0EEE7C-09E1-4557-88F9-DAA2E537F4FA}"
EndProject
Global
	GlobalSection(SolutionConfigurationPlatforms) = preSolution
		Debug|Any CPU = Debug|Any CPU
		Release|Any CPU = Release|Any CPU
	EndGlobalSection
	GlobalSection(ProjectConfigurationPlatforms) = postSolution
		{7B0EEE7C-09E1-4557-88F9-DAA2E537F4FA}.Debug|Any CPU.ActiveCfg = Debug|Any CPU
		{7B0EEE7C-09E1-4557-88F9-DAA2E537F4FA}.Debug|Any CPU.Build.0 = Debug|Any CPU
		{7B0EEE7C-09E1-4557-88F9-DAA2E537F4FA}.Release|Any CPU.ActiveCfg = Release|Any CPU
		{7B0EEE7C-09E1-4557-88F9-DAA2E537F4FA}.Release|Any CPU.Build.0 = Release|Any CPU
	EndGlobalSection
	GlobalSection(SolutionProperties) = preSolution
		HideSolutionNode = FALSE
	EndGlobalSection
	GlobalSection(ExtensibilityGlobals) = postSolution
		SolutionGuid = {D365F30D-649D-4D32-8A8F-DDBE7D07156A}
	EndGlobalSection
EndGlobal
